// !$*UTF8*$!
{
	archiveVersion = 1;
	classes = {
	};
	objectVersion = 77;
	objects = {

/* Begin PBXBuildFile section */
		CCF812022FF235CC003816F2 /* ContentView.swift in Sources */ = {isa = PBXBuildFile; fileRef = CCF811FB2FF235CC003816F2 /* ContentView.swift */; };
		CCF812032FF235CC003816F2 /* GroceryActions.swift in Sources */ = {isa = PBXBuildFile; fileRef = CCF811FC2FF235CC003816F2 /* GroceryActions.swift */; };
		CCF812042FF235CC003816F2 /* ShoppingListView.swift in Sources */ = {isa = PBXBuildFile; fileRef = CCF811FF2FF235CC003816F2 /* ShoppingListView.swift */; };
		CCF812052FF235CC003816F2 /* InventoryView.swift in Sources */ = {isa = PBXBuildFile; fileRef = CCF811FD2FF235CC003816F2 /* InventoryView.swift */; };
		CCF812062FF235CC003816F2 /* Models.swift in Sources */ = {isa = PBXBuildFile; fileRef = CCF811FE2FF235CC003816F2 /* Models.swift */; };
		CCF812072FF235CC003816F2 /* SpeechManager.swift in Sources */ = {isa = PBXBuildFile; fileRef = CCF812002FF235CC003816F2 /* SpeechManager.swift */; };
		CCF812082FF235CC003816F2 /* TextParser.swift in Sources */ = {isa = PBXBuildFile; fileRef = CCF812012FF235CC003816F2 /* TextParser.swift */; };
		DD00000000000000000000B1 /* ReceiptParser.swift in Sources */ = {isa = PBXBuildFile; fileRef = DD00000000000000000000A1 /* ReceiptParser.swift */; };
		DD00000000000000000000B2 /* ReceiptScanner.swift in Sources */ = {isa = PBXBuildFile; fileRef = DD00000000000000000000A2 /* ReceiptScanner.swift */; };
		DD00000000000000000000B3 /* ReceiptReviewView.swift in Sources */ = {isa = PBXBuildFile; fileRef = DD00000000000000000000A3 /* ReceiptReviewView.swift */; };
		DD00000000000000000000B4 /* FoodTranslator.swift in Sources */ = {isa = PBXBuildFile; fileRef = DD00000000000000000000A4 /* FoodTranslator.swift */; };
		DD00000000000000000000B5 /* FoodDictionary.swift in Sources */ = {isa = PBXBuildFile; fileRef = DD00000000000000000000A5 /* FoodDictionary.swift */; };
/* End PBXBuildFile section */

/* Begin PBXFileReference section */
		CCF811ED2FF234B3003816F2 /* KitchenInventory.app */ = {isa = PBXFileReference; explicitFileType = wrapper.application; includeInIndex = 0; path = KitchenInventory.app; sourceTree = BUILT_PRODUCTS_DIR; };
		CCF811FB2FF235CC003816F2 /* ContentView.swift */ = {isa = PBXFileReference; lastKnownFileType = sourcecode.swift; path = ContentView.swift; sourceTree = "<group>"; };
		CCF811FC2FF235CC003816F2 /* GroceryActions.swift */ = {isa = PBXFileReference; lastKnownFileType = sourcecode.swift; path = GroceryActions.swift; sourceTree = "<group>"; };
		CCF811FD2FF235CC003816F2 /* InventoryView.swift */ = {isa = PBXFileReference; lastKnownFileType = sourcecode.swift; path = InventoryView.swift; sourceTree = "<group>"; };
		CCF811FE2FF235CC003816F2 /* Models.swift */ = {isa = PBXFileReference; lastKnownFileType = sourcecode.swift; path = Models.swift; sourceTree = "<group>"; };
		CCF811FF2FF235CC003816F2 /* ShoppingListView.swift */ = {isa = PBXFileReference; lastKnownFileType = sourcecode.swift; path = ShoppingListView.swift; sourceTree = "<group>"; };
		CCF812002FF235CC003816F2 /* SpeechManager.swift */ = {isa = PBXFileReference; lastKnownFileType = sourcecode.swift; path = SpeechManager.swift; sourceTree = "<group>"; };
		CCF812012FF235CC003816F2 /* TextParser.swift */ = {isa = PBXFileReference; lastKnownFileType = sourcecode.swift; path = TextParser.swift; sourceTree = "<group>"; };
		DD00000000000000000000A1 /* ReceiptParser.swift */ = {isa = PBXFileReference; lastKnownFileType = sourcecode.swift; path = ReceiptParser.swift; sourceTree = "<group>"; };
		DD00000000000000000000A2 /* ReceiptScanner.swift */ = {isa = PBXFileReference; lastKnownFileType = sourcecode.swift; path = ReceiptScanner.swift; sourceTree = "<group>"; };
		DD00000000000000000000A3 /* ReceiptReviewView.swift */ = {isa = PBXFileReference; lastKnownFileType = sourcecode.swift; path = ReceiptReviewView.swift; sourceTree = "<group>"; };
		DD00000000000000000000A4 /* FoodTranslator.swift */ = {isa = PBXFileReference; lastKnownFileType = sourcecode.swift; path = FoodTranslator.swift; sourceTree = "<group>"; };
		DD00000000000000000000A5 /* FoodDictionary.swift */ = {isa = PBXFileReference; lastKnownFileType = sourcecode.swift; path = FoodDictionary.swift; sourceTree = "<group>"; };
/* End PBXFileReference section */

/* Begin PBXFileSystemSynchronizedRootGroup section */
		CCF811EF2FF234B3003816F2 /* KitchenInventory */ = {
			isa = PBXFileSystemSynchronizedRootGroup;
			path = KitchenInventory;
			sourceTree = "<group>";
		};
/* End PBXFileSystemSynchronizedRootGroup section */

/* Begin PBXFrameworksBuildPhase section */
		CCF811EA2FF234B3003816F2 /* Frameworks */ = {
			isa = PBXFrameworksBuildPhase;
			buildActionMask = 2147483647;
			files = (
			);
			runOnlyForDeploymentPostprocessing = 0;
		};
/* End PBXFrameworksBuildPhase section */

/* Begin PBXGroup section */
		CCF811E42FF234B3003816F2 = {
			isa = PBXGroup;
			children = (
				CCF811EF2FF234B3003816F2 /* KitchenInventory */,
				CCF811EE2FF234B3003816F2 /* Products */,
				CCF811FB2FF235CC003816F2 /* ContentView.swift */,
				CCF811FC2FF235CC003816F2 /* GroceryActions.swift */,
				CCF811FD2FF235CC003816F2 /* InventoryView.swift */,
				CCF811FE2FF235CC003816F2 /* Models.swift */,
				CCF811FF2FF235CC003816F2 /* ShoppingListView.swift */,
				CCF812002FF235CC003816F2 /* SpeechManager.swift */,
				CCF812012FF235CC003816F2 /* TextParser.swift */,
				DD00000000000000000000A1 /* ReceiptParser.swift */,
				DD00000000000000000000A2 /* ReceiptScanner.swift */,
				DD00000000000000000000A3 /* ReceiptReviewView.swift */,
				DD00000000000000000000A4 /* FoodTranslator.swift */,
				DD00000000000000000000A5 /* FoodDictionary.swift */,
			);
			sourceTree = "<group>";
		};
		CCF811EE2FF234B3003816F2 /* Products */ = {
			isa = PBXGroup;
			children = (
				CCF811ED2FF234B3003816F2 /* KitchenInventory.app */,
			);
			name = Products;
			sourceTree = "<group>";
		};
/* End PBXGroup section */

/* Begin PBXNativeTarget section */
		CCF811EC2FF234B3003816F2 /* KitchenInventory */ = {
			isa = PBXNativeTarget;
			buildConfigurationList = CCF811F82FF234B9003816F2 /* Build configuration list for PBXNativeTarget "KitchenInventory" */;
			buildPhases = (
				CCF811E92FF234B3003816F2 /* Sources */,
				CCF811EA2FF234B3003816F2 /* Frameworks */,
				CCF811EB2FF234B3003816F2 /* Resources */,
			);
			buildRules = (
			);
			dependencies = (
			);
			fileSystemSynchronizedGroups = (
				CCF811EF2FF234B3003816F2 /* KitchenInventory */,
			);
			name = KitchenInventory;
			packageProductDependencies = (
			);
			productName = KitchenInventory;
			productReference = CCF811ED2FF234B3003816F2 /* KitchenInventory.app */;
			productType = "com.apple.product-type.application";
		};
/* End PBXNativeTarget section */

/* Begin PBXProject section */
		CCF811E52FF234B3003816F2 /* Project object */ = {
			isa = PBXProject;
			attributes = {
				BuildIndependentTargetsInParallel = 1;
				LastSwiftUpdateCheck = 2660;
				LastUpgradeCheck = 2660;
				TargetAttributes = {
					CCF811EC2FF234B3003816F2 = {
						CreatedOnToolsVersion = 26.6;
						LastSwiftMigration = 2660;
					};
				};
			};
			buildConfigurationList = CCF811E82FF234B3003816F2 /* Build configuration list for PBXProject "KitchenInventory" */;
			developmentRegion = en;
			hasScannedForEncodings = 0;
			knownRegions = (
				en,
				Base,
			);
			mainGroup = CCF811E42FF234B3003816F2;
			minimizedProjectReferenceProxies = 1;
			preferredProjectObjectVersion = 77;
			productRefGroup = CCF811EE2FF234B3003816F2 /* Products */;
			projectDirPath = "";
			projectRoot = "";
			targets = (
				CCF811EC2FF234B3003816F2 /* KitchenInventory */,
			);
		};
/* End PBXProject section */

/* Begin PBXResourcesBuildPhase section */
		CCF811EB2FF234B3003816F2 /* Resources */ = {
			isa = PBXResourcesBuildPhase;
			buildActionMask = 2147483647;
			files = (
			);
			runOnlyForDeploymentPostprocessing = 0;
		};
/* End PBXResourcesBuildPhase section */

/* Begin PBXSourcesBuildPhase section */
		CCF811E92FF234B3003816F2 /* Sources */ = {
			isa = PBXSourcesBuildPhase;
			buildActionMask = 2147483647;
			files = (
				CCF812022FF235CC003816F2 /* ContentView.swift in Sources */,
				CCF812032FF235CC003816F2 /* GroceryActions.swift in Sources */,
				CCF812042FF235CC003816F2 /* ShoppingListView.swift in Sources */,
				CCF812052FF235CC003816F2 /* InventoryView.swift in Sources */,
				CCF812062FF235CC003816F2 /* Models.swift in Sources */,
				CCF812072FF235CC003816F2 /* SpeechManager.swift in Sources */,
				CCF812082FF235CC003816F2 /* TextParser.swift in Sources */,
				DD00000000000000000000B1 /* ReceiptParser.swift in Sources */,
				DD00000000000000000000B2 /* ReceiptScanner.swift in Sources */,
				DD00000000000000000000B3 /* ReceiptReviewView.swift in Sources */,
				DD00000000000000000000B4 /* FoodTranslator.swift in Sources */,
				DD00000000000000000000B5 /* FoodDictionary.swift in Sources */,
			);
			runOnlyForDeploymentPostprocessing = 0;
		};
/* End PBXSourcesBuildPhase section */

/* Begin XCBuildConfiguration section */
		CCF811F62FF234B9003816F2 /* Debug */ = {
			isa = XCBuildConfiguration;
			buildSettings = {
				ALWAYS_SEARCH_USER_PATHS = NO;
				ASSETCATALOG_COMPILER_GENERATE_SWIFT_ASSET_SYMBOL_EXTENSIONS = YES;
				CLANG_ANALYZER_NONNULL = YES;
				CLANG_ANALYZER_NUMBER_OBJECT_CONVERSION = YES_AGGRESSIVE;
				CLANG_CXX_LANGUAGE_STANDARD = "gnu++20";
				CLANG_ENABLE_MODULES = YES;
				CLANG_ENABLE_OBJC_ARC = YES;
				CLANG_ENABLE_OBJC_WEAK = YES;
				CLANG_WARN_BLOCK_CAPTURE_AUTORELEASING = YES;
				CLANG_WARN_BOOL_CONVERSION = YES;
				CLANG_WARN_COMMA = YES;
				CLANG_WARN_CONSTANT_CONVERSION = YES;
				CLANG_WARN_DEPRECATED_OBJC_IMPLEMENTATIONS = YES;
				CLANG_WARN_DIRECT_OBJC_ISA_USAGE = YES_ERROR;
				CLANG_WARN_DOCUMENTATION_COMMENTS = YES;
				CLANG_WARN_EMPTY_BODY = YES;
				CLANG_WARN_ENUM_CONVERSION = YES;
				CLANG_WARN_INFINITE_RECURSION = YES;
				CLANG_WARN_INT_CONVERSION = YES;
				CLANG_WARN_NON_LITERAL_NULL_CONVERSION = YES;
				CLANG_WARN_OBJC_IMPLICIT_RETAIN_SELF = YES;
				CLANG_WARN_OBJC_LITERAL_CONVERSION = YES;
				CLANG_WARN_OBJC_ROOT_CLASS = YES_ERROR;
				CLANG_WARN_QUOTED_INCLUDE_IN_FRAMEWORK_HEADER = YES;
				CLANG_WARN_RANGE_LOOP_ANALYSIS = YES;
				CLANG_WARN_STRICT_PROTOTYPES = YES;
				CLANG_WARN_SUSPICIOUS_MOVE = YES;
				CLANG_WARN_UNGUARDED_AVAILABILITY = YES_AGGRESSIVE;
				CLANG_WARN_UNREACHABLE_CODE = YES;
				CLANG_WARN__DUPLICATE_METHOD_MATCH = YES;
				COPY_PHASE_STRIP = NO;
				DEBUG_INFORMATION_FORMAT = dwarf;
				DEVELOPMENT_TEAM = 385KAY8D8T;
				ENABLE_STRICT_OBJC_MSGSEND = YES;
				ENABLE_TESTABILITY = YES;
				ENABLE_USER_SCRIPT_SANDBOXING = YES;
				GCC_C_LANGUAGE_STANDARD = gnu17;
				GCC_DYNAMIC_NO_PIC = NO;
				GCC_NO_COMMON_BLOCKS = YES;
				GCC_OPTIMIZATION_LEVEL = 0;
				GCC_PREPROCESSOR_DEFINITIONS = (
					"DEBUG=1",
					"$(inherited)",
				);
				GCC_WARN_64_TO_32_BIT_CONVERSION = YES;
				GCC_WARN_ABOUT_RETURN_TYPE = YES_ERROR;
				GCC_WARN_UNDECLARED_SELECTOR = YES;
				GCC_WARN_UNINITIALIZED_AUTOS = YES_AGGRESSIVE;
				GCC_WARN_UNUSED_FUNCTION = YES;
				GCC_WARN_UNUSED_VARIABLE = YES;
				IPHONEOS_DEPLOYMENT_TARGET = 26.5;
				LOCALIZATION_PREFERS_STRING_CATALOGS = YES;
				MTL_ENABLE_DEBUG_INFO = INCLUDE_SOURCE;
				MTL_FAST_MATH = YES;
				ONLY_ACTIVE_ARCH = YES;
				SDKROOT = iphoneos;
				SWIFT_ACTIVE_COMPILATION_CONDITIONS = "DEBUG $(inherited)";
				SWIFT_OPTIMIZATION_LEVEL = "-Onone";
			};
			name = Debug;
		};
		CCF811F72FF234B9003816F2 /* Release */ = {
			isa = XCBuildConfiguration;
			buildSettings = {
				ALWAYS_SEARCH_USER_PATHS = NO;
				ASSETCATALOG_COMPILER_GENERATE_SWIFT_ASSET_SYMBOL_EXTENSIONS = YES;
				CLANG_ANALYZER_NONNULL = YES;
				CLANG_ANALYZER_NUMBER_OBJECT_CONVERSION = YES_AGGRESSIVE;
				CLANG_CXX_LANGUAGE_STANDARD = "gnu++20";
				CLANG_ENABLE_MODULES = YES;
				CLANG_ENABLE_OBJC_ARC = YES;
				CLANG_ENABLE_OBJC_WEAK = YES;
				CLANG_WARN_BLOCK_CAPTURE_AUTORELEASING = YES;
				CLANG_WARN_BOOL_CONVERSION = YES;
				CLANG_WARN_COMMA = YES;
				CLANG_WARN_CONSTANT_CONVERSION = YES;
				CLANG_WARN_DEPRECATED_OBJC_IMPLEMENTATIONS = YES;
				CLANG_WARN_DIRECT_OBJC_ISA_USAGE = YES_ERROR;
				CLANG_WARN_DOCUMENTATION_COMMENTS = YES;
				CLANG_WARN_EMPTY_BODY = YES;
				CLANG_WARN_ENUM_CONVERSION = YES;
				CLANG_WARN_INFINITE_RECURSION = YES;
				CLANG_WARN_INT_CONVERSION = YES;
				CLANG_WARN_NON_LITERAL_NULL_CONVERSION = YES;
				CLANG_WARN_OBJC_IMPLICIT_RETAIN_SELF = YES;
				CLANG_WARN_OBJC_LITERAL_CONVERSION = YES;
				CLANG_WARN_OBJC_ROOT_CLASS = YES_ERROR;
				CLANG_WARN_QUOTED_INCLUDE_IN_FRAMEWORK_HEADER = YES;
				CLANG_WARN_RANGE_LOOP_ANALYSIS = YES;
				CLANG_WARN_STRICT_PROTOTYPES = YES;
				CLANG_WARN_SUSPICIOUS_MOVE = YES;
				CLANG_WARN_UNGUARDED_AVAILABILITY = YES_AGGRESSIVE;
				CLANG_WARN_UNREACHABLE_CODE = YES;
				CLANG_WARN__DUPLICATE_METHOD_MATCH = YES;
				COPY_PHASE_STRIP = NO;
				DEBUG_INFORMATION_FORMAT = "dwarf-with-dsym";
				DEVELOPMENT_TEAM = 385KAY8D8T;
				ENABLE_NS_ASSERTIONS = NO;
				ENABLE_STRICT_OBJC_MSGSEND = YES;
				ENABLE_USER_SCRIPT_SANDBOXING = YES;
				GCC_C_LANGUAGE_STANDARD = gnu17;
				GCC_NO_COMMON_BLOCKS = YES;
				GCC_WARN_64_TO_32_BIT_CONVERSION = YES;
				GCC_WARN_ABOUT_RETURN_TYPE = YES_ERROR;
				GCC_WARN_UNDECLARED_SELECTOR = YES;
				GCC_WARN_UNINITIALIZED_AUTOS = YES_AGGRESSIVE;
				GCC_WARN_UNUSED_FUNCTION = YES;
				GCC_WARN_UNUSED_VARIABLE = YES;
				IPHONEOS_DEPLOYMENT_TARGET = 26.5;
				LOCALIZATION_PREFERS_STRING_CATALOGS = YES;
				MTL_ENABLE_DEBUG_INFO = NO;
				MTL_FAST_MATH = YES;
				SDKROOT = iphoneos;
				SWIFT_COMPILATION_MODE = wholemodule;
				VALIDATE_PRODUCT = YES;
			};
			name = Release;
		};
		CCF811F92FF234B9003816F2 /* Debug */ = {
			isa = XCBuildConfiguration;
			buildSettings = {
				ASSETCATALOG_COMPILER_APPICON_NAME = AppIcon;
				ASSETCATALOG_COMPILER_GLOBAL_ACCENT_COLOR_NAME = AccentColor;
				CLANG_ENABLE_MODULES = YES;
				CODE_SIGN_STYLE = Automatic;
				CURRENT_PROJECT_VERSION = 1;
				DEVELOPMENT_TEAM = 385KAY8D8T;
				ENABLE_PREVIEWS = YES;
				GENERATE_INFOPLIST_FILE = YES;
				INFOPLIST_KEY_CFBundleDisplayName = "囤囤鼠";
				INFOPLIST_KEY_NSMicrophoneUsageDescription = "用于语音录入采购清单";
				INFOPLIST_KEY_NSCameraUsageDescription = "用于拍小票自动入库";
				INFOPLIST_KEY_NSSpeechRecognitionUsageDescription = "用于把你说的话转成文字";
				INFOPLIST_KEY_UIApplicationSceneManifest_Generation = YES;
				INFOPLIST_KEY_UIApplicationSupportsIndirectInputEvents = YES;
				INFOPLIST_KEY_UILaunchScreen_Generation = YES;
				INFOPLIST_KEY_UISupportedInterfaceOrientations_iPad = "UIInterfaceOrientationPortrait UIInterfaceOrientationPortraitUpsideDown UIInterfaceOrientationLandscapeLeft UIInterfaceOrientationLandscapeRight";
				INFOPLIST_KEY_UISupportedInterfaceOrientations_iPhone = "UIInterfaceOrientationPortrait UIInterfaceOrientationLandscapeLeft UIInterfaceOrientationLandscapeRight";
				LD_RUNPATH_SEARCH_PATHS = (
					"$(inherited)",
					"@executable_path/Frameworks",
				);
				MARKETING_VERSION = 1.0;
				PRODUCT_BUNDLE_IDENTIFIER = com.mina.kitchen.KitchenInventory;
				PRODUCT_NAME = "$(TARGET_NAME)";
				STRING_CATALOG_GENERATE_SYMBOLS = YES;
				SWIFT_APPROACHABLE_CONCURRENCY = YES;
				SWIFT_DEFAULT_ACTOR_ISOLATION = MainActor;
				SWIFT_EMIT_LOC_STRINGS = YES;
				SWIFT_OPTIMIZATION_LEVEL = "-Onone";
				SWIFT_UPCOMING_FEATURE_MEMBER_IMPORT_VISIBILITY = YES;
				SWIFT_VERSION = 5.0;
				TARGETED_DEVICE_FAMILY = "1,2";
			};
			name = Debug;
		};
		CCF811FA2FF234B9003816F2 /* Release */ = {
			isa = XCBuildConfiguration;
			buildSettings = {
				ASSETCATALOG_COMPILER_APPICON_NAME = AppIcon;
				ASSETCATALOG_COMPILER_GLOBAL_ACCENT_COLOR_NAME = AccentColor;
				CLANG_ENABLE_MODULES = YES;
				CODE_SIGN_STYLE = Automatic;
				CURRENT_PROJECT_VERSION = 1;
				DEVELOPMENT_TEAM = 385KAY8D8T;
				ENABLE_PREVIEWS = YES;
				GENERATE_INFOPLIST_FILE = YES;
				INFOPLIST_KEY_CFBundleDisplayName = "囤囤鼠";
				INFOPLIST_KEY_NSMicrophoneUsageDescription = "用于语音录入采购清单";
				INFOPLIST_KEY_NSCameraUsageDescription = "用于拍小票自动入库";
				INFOPLIST_KEY_NSSpeechRecognitionUsageDescription = "用于把你说的话转成文字";
				INFOPLIST_KEY_UIApplicationSceneManifest_Generation = YES;
				INFOPLIST_KEY_UIApplicationSupportsIndirectInputEvents = YES;
				INFOPLIST_KEY_UILaunchScreen_Generation = YES;
				INFOPLIST_KEY_UISupportedInterfaceOrientations_iPad = "UIInterfaceOrientationPortrait UIInterfaceOrientationPortraitUpsideDown UIInterfaceOrientationLandscapeLeft UIInterfaceOrientationLandscapeRight";
				INFOPLIST_KEY_UISupportedInterfaceOrientations_iPhone = "UIInterfaceOrientationPortrait UIInterfaceOrientationLandscapeLeft UIInterfaceOrientationLandscapeRight";
				LD_RUNPATH_SEARCH_PATHS = (
					"$(inherited)",
					"@executable_path/Frameworks",
				);
				MARKETING_VERSION = 1.0;
				PRODUCT_BUNDLE_IDENTIFIER = com.mina.kitchen.KitchenInventory;
				PRODUCT_NAME = "$(TARGET_NAME)";
				STRING_CATALOG_GENERATE_SYMBOLS = YES;
				SWIFT_APPROACHABLE_CONCURRENCY = YES;
				SWIFT_DEFAULT_ACTOR_ISOLATION = MainActor;
				SWIFT_EMIT_LOC_STRINGS = YES;
				SWIFT_UPCOMING_FEATURE_MEMBER_IMPORT_VISIBILITY = YES;
				SWIFT_VERSION = 5.0;
				TARGETED_DEVICE_FAMILY = "1,2";
			};
			name = Release;
		};
/* End XCBuildConfiguration section */

/* Begin XCConfigurationList section */
		CCF811E82FF234B3003816F2 /* Build configuration list for PBXProject "KitchenInventory" */ = {
			isa = XCConfigurationList;
			buildConfigurations = (
				CCF811F62FF234B9003816F2 /* Debug */,
				CCF811F72FF234B9003816F2 /* Release */,
			);
			defaultConfigurationIsVisible = 0;
			defaultConfigurationName = Release;
		};
		CCF811F82FF234B9003816F2 /* Build configuration list for PBXNativeTarget "KitchenInventory" */ = {
			isa = XCConfigurationList;
			buildConfigurations = (
				CCF811F92FF234B9003816F2 /* Debug */,
				CCF811FA2FF234B9003816F2 /* Release */,
			);
			defaultConfigurationIsVisible = 0;
			defaultConfigurationName = Release;
		};
/* End XCConfigurationList section */
	};
	rootObject = CCF811E52FF234B3003816F2 /* Project object */;
}
